---
- name: RedHat - install yum-version-lock
  become: yes
  yum: name=yum-plugin-versionlock state=present update_cache=yes
- name: RedHat - lock packetbeat version
  become: yes
  shell: yum versionlock delete 0:packetbeat* ; yum versionlock add packetbeat{% if ls_version is defined and ls_version != "" %}-{{ ls_version }}{% endif %}
